
Microsoft Visual Studio Solution File, Format Version 12.00
# Visual Studio Version 16
VisualStudioVersion = 16.0.31702.278
MinimumVisualStudioVersion = 10.0.40219.1
Project("{FAE04EC0-301F-11D3-BF4B-00C04F79EFBC}") = "Serene1.Web", "Serene1\Serene1.Web\Serene1.Web.csproj", "{557BF446-0543-4876-BA40-6213AF1F6B7B}"
EndProject
Global
	GlobalSection(SolutionConfigurationPlatforms) = preSolution
		Debug|Any CPU = Debug|Any CPU
		Release|Any CPU = Release|Any CPU
	EndGlobalSection
	GlobalSection(ProjectConfigurationPlatforms) = postSolution
		{557BF446-0543-4876-BA40-6213AF1F6B7B}.Debug|Any CPU.ActiveCfg = Debug|Any CPU
		{557BF446-0543-4876-BA40-6213AF1F6B7B}.Debug|Any CPU.Build.0 = Debug|Any CPU
		{557BF446-0543-4876-BA40-6213AF1F6B7B}.Release|Any CPU.ActiveCfg = Release|Any CPU
		{557BF446-0543-4876-BA40-6213AF1F6B7B}.Release|Any CPU.Build.0 = Release|Any CPU
	EndGlobalSection
	GlobalSection(SolutionProperties) = preSolution
		HideSolutionNode = FALSE
	EndGlobalSection
	GlobalSection(ExtensibilityGlobals) = postSolution
		SolutionGuid = {66333E47-65E1-44D0-8094-8A88BEC498C2}
	EndGlobalSection
EndGlobal
